<?xml version="1.0" encoding="utf-8"?>
<Project ToolsVersion="16.0" xmlns="http://schemas.microsoft.com/developer/msbuild/2003">
  <ItemGroup>
    <CustomBuild Include="C:\Users\gth74\source\repos\gth747m\Sharp\CMakeFiles\3ed39ada64292417aa0492a892c19401\generate.stamp.rule">
      <Filter>CMake Rules</Filter>
    </CustomBuild>
  </ItemGroup>
  <ItemGroup>
    <Filter Include="CMake Rules">
      <UniqueIdentifier>{3B18AF9C-DF38-3E7C-866F-406A8C9B13CA}</UniqueIdentifier>
    </Filter>
  </ItemGroup>
</Project>
